
Microsoft Visual Studio Solution File, Format Version 12.00
# Visual Studio Version 16
VisualStudioVersion = 16.0.30011.22
MinimumVisualStudioVersion = 10.0.40219.1
Project("{9A19103F-16F7-4668-BE54-9A1E7A4F7556}") = "RKSI_bot", "RKSI_bot\RKSI_bot.csproj", "{3EA6A06F-3B10-4C27-9BE8-BF3884CDF461}"
EndProject
Project("{FAE04EC0-301F-11D3-BF4B-00C04F79EFBC}") = "RksiBot_Tests", "RksiBot_Tests\RksiBot_Tests.csproj", "{B59F62AB-9C66-47AE-96F8-8AFA88C698D9}"
EndProject
Global
	GlobalSection(SolutionConfigurationPlatforms) = preSolution
		Debug|Any CPU = Debug|Any CPU
		Release|Any CPU = Release|Any CPU
	EndGlobalSection
	GlobalSection(ProjectConfigurationPlatforms) = postSolution
		{3EA6A06F-3B10-4C27-9BE8-BF3884CDF461}.Debug|Any CPU.ActiveCfg = Debug|Any CPU
		{3EA6A06F-3B10-4C27-9BE8-BF3884CDF461}.Debug|Any CPU.Build.0 = Debug|Any CPU
		{3EA6A06F-3B10-4C27-9BE8-BF3884CDF461}.Release|Any CPU.ActiveCfg = Release|Any CPU
		{3EA6A06F-3B10-4C27-9BE8-BF3884CDF461}.Release|Any CPU.Build.0 = Release|Any CPU
		{B59F62AB-9C66-47AE-96F8-8AFA88C698D9}.Debug|Any CPU.ActiveCfg = Debug|Any CPU
		{B59F62AB-9C66-47AE-96F8-8AFA88C698D9}.Debug|Any CPU.Build.0 = Debug|Any CPU
		{B59F62AB-9C66-47AE-96F8-8AFA88C698D9}.Release|Any CPU.ActiveCfg = Release|Any CPU
		{B59F62AB-9C66-47AE-96F8-8AFA88C698D9}.Release|Any CPU.Build.0 = Release|Any CPU
	EndGlobalSection
	GlobalSection(SolutionProperties) = preSolution
		HideSolutionNode = FALSE
	EndGlobalSection
	GlobalSection(ExtensibilityGlobals) = postSolution
		SolutionGuid = {46ED5A1A-1515-4780-B5C6-D1FD101E59D3}
	EndGlobalSection
EndGlobal
